
Microsoft Visual Studio Solution File, Format Version 12.00
# Visual Studio Version 16
VisualStudioVersion = 16.0.30717.126
MinimumVisualStudioVersion = 10.0.40219.1
Project("{9A19103F-16F7-4668-BE54-9A1E7A4F7556}") = "ITS.Monopattino.Server.WebApi", "ITS.Monopattino.Server.WebApi\ITS.Monopattino.Server.WebApi.csproj", "{122E7ED2-679B-4173-940E-57239B143976}"
EndProject
Project("{9A19103F-16F7-4668-BE54-9A1E7A4F7556}") = "ITS.Monopattino.Server.Services", "ITS.Monopattino.Server.Services\ITS.Monopattino.Server.Services.csproj", "{314BEB16-1AAB-44DF-B30E-252ED74FBF2F}"
EndProject
Project("{9A19103F-16F7-4668-BE54-9A1E7A4F7556}") = "ITS.Monopattino.Server.Models", "ITS.Monopattino.Server.Models\ITS.Monopattino.Server.Models.csproj", "{DD64BBCC-DE32-4B0C-B728-F26C49D085FE}"
EndProject
Project("{9A19103F-16F7-4668-BE54-9A1E7A4F7556}") = "ITS.Monopattino.Server.Data", "ITS.Monopattino.Server.Data\ITS.Monopattino.Server.Data.csproj", "{5D4F4F22-C95F-4145-A076-AC30CA68652E}"
EndProject
Project("{9A19103F-16F7-4668-BE54-9A1E7A4F7556}") = "ITS.Monopattino.Server.AzureFunctions", "ITS.Monopattino.Server.AzureFunctions\ITS.Monopattino.Server.AzureFunctions.csproj", "{28A2129B-6F4F-441C-916D-E1D0BF9043EB}"
EndProject
Global
	GlobalSection(SolutionConfigurationPlatforms) = preSolution
		Debug|Any CPU = Debug|Any CPU
		Release|Any CPU = Release|Any CPU
	EndGlobalSection
	GlobalSection(ProjectConfigurationPlatforms) = postSolution
		{122E7ED2-679B-4173-940E-57239B143976}.Debug|Any CPU.ActiveCfg = Debug|Any CPU
		{122E7ED2-679B-4173-940E-57239B143976}.Debug|Any CPU.Build.0 = Debug|Any CPU
		{122E7ED2-679B-4173-940E-57239B143976}.Release|Any CPU.ActiveCfg = Release|Any CPU
		{122E7ED2-679B-4173-940E-57239B143976}.Release|Any CPU.Build.0 = Release|Any CPU
		{314BEB16-1AAB-44DF-B30E-252ED74FBF2F}.Debug|Any CPU.ActiveCfg = Debug|Any CPU
		{314BEB16-1AAB-44DF-B30E-252ED74FBF2F}.Debug|Any CPU.Build.0 = Debug|Any CPU
		{314BEB16-1AAB-44DF-B30E-252ED74FBF2F}.Release|Any CPU.ActiveCfg = Release|Any CPU
		{314BEB16-1AAB-44DF-B30E-252ED74FBF2F}.Release|Any CPU.Build.0 = Release|Any CPU
		{DD64BBCC-DE32-4B0C-B728-F26C49D085FE}.Debug|Any CPU.ActiveCfg = Debug|Any CPU
		{DD64BBCC-DE32-4B0C-B728-F26C49D085FE}.Debug|Any CPU.Build.0 = Debug|Any CPU
		{DD64BBCC-DE32-4B0C-B728-F26C49D085FE}.Release|Any CPU.ActiveCfg = Release|Any CPU
		{DD64BBCC-DE32-4B0C-B728-F26C49D085FE}.Release|Any CPU.Build.0 = Release|Any CPU
		{5D4F4F22-C95F-4145-A076-AC30CA68652E}.Debug|Any CPU.ActiveCfg = Debug|Any CPU
		{5D4F4F22-C95F-4145-A076-AC30CA68652E}.Debug|Any CPU.Build.0 = Debug|Any CPU
		{5D4F4F22-C95F-4145-A076-AC30CA68652E}.Release|Any CPU.ActiveCfg = Release|Any CPU
		{5D4F4F22-C95F-4145-A076-AC30CA68652E}.Release|Any CPU.Build.0 = Release|Any CPU
		{28A2129B-6F4F-441C-916D-E1D0BF9043EB}.Debug|Any CPU.ActiveCfg = Debug|Any CPU
		{28A2129B-6F4F-441C-916D-E1D0BF9043EB}.Debug|Any CPU.Build.0 = Debug|Any CPU
		{28A2129B-6F4F-441C-916D-E1D0BF9043EB}.Release|Any CPU.ActiveCfg = Release|Any CPU
		{28A2129B-6F4F-441C-916D-E1D0BF9043EB}.Release|Any CPU.Build.0 = Release|Any CPU
	EndGlobalSection
	GlobalSection(SolutionProperties) = preSolution
		HideSolutionNode = FALSE
	EndGlobalSection
	GlobalSection(ExtensibilityGlobals) = postSolution
		SolutionGuid = {760C91F6-F514-44A1-874A-67C891227846}
	EndGlobalSection
EndGlobal
