
Microsoft Visual Studio Solution File, Format Version 12.00
# Visual Studio Version 16
VisualStudioVersion = 16.0.30711.63
MinimumVisualStudioVersion = 10.0.40219.1
Project("{9A19103F-16F7-4668-BE54-9A1E7A4F7556}") = "ITS.Monopattino.Client.WorkerService", "ITS.Monopattino.Client.WorkerService\ITS.Monopattino.Client.WorkerService.csproj", "{ADC75889-F411-4F14-B9A8-AB7F577F7ACD}"
EndProject
Project("{9A19103F-16F7-4668-BE54-9A1E7A4F7556}") = "ITS.Monopattino.Client.Models", "ITS.Monopattino.Client.Models\ITS.Monopattino.Client.Models.csproj", "{3F877356-160F-44A5-919C-3097EC298855}"
EndProject
Project("{9A19103F-16F7-4668-BE54-9A1E7A4F7556}") = "ITS.Monopattino.Client.Service", "ITS.Monopattino.Client.Service\ITS.Monopattino.Client.Service.csproj", "{328BCBBA-2DBB-4545-9FC0-1D35B7BED607}"
EndProject
Project("{9A19103F-16F7-4668-BE54-9A1E7A4F7556}") = "ITS.Monopattino.Client.Data", "ITS.Monopattino.Client.Data\ITS.Monopattino.Client.Data.csproj", "{A13E40E8-E61A-40D6-A70F-785DF5348A3B}"
EndProject
Project("{9A19103F-16F7-4668-BE54-9A1E7A4F7556}") = "ITS.Monopattino.Client.EdgeService", "ITS.Monopattino.Client.EdgeService\ITS.Monopattino.Client.EdgeService.csproj", "{39A7022E-7F21-4B52-9F80-9B4F6C373C66}"
EndProject
Project("{FAE04EC0-301F-11D3-BF4B-00C04F79EFBC}") = "ITS.Monopattino.Client.EdgeData", "ITS.Monopattino.Client.EdgeData\ITS.Monopattino.Client.EdgeData.csproj", "{C72888B2-C8DB-4D05-81FB-A96269A17C44}"
EndProject
Global
	GlobalSection(SolutionConfigurationPlatforms) = preSolution
		Debug|Any CPU = Debug|Any CPU
		Release|Any CPU = Release|Any CPU
	EndGlobalSection
	GlobalSection(ProjectConfigurationPlatforms) = postSolution
		{ADC75889-F411-4F14-B9A8-AB7F577F7ACD}.Debug|Any CPU.ActiveCfg = Debug|Any CPU
		{ADC75889-F411-4F14-B9A8-AB7F577F7ACD}.Debug|Any CPU.Build.0 = Debug|Any CPU
		{ADC75889-F411-4F14-B9A8-AB7F577F7ACD}.Release|Any CPU.ActiveCfg = Release|Any CPU
		{ADC75889-F411-4F14-B9A8-AB7F577F7ACD}.Release|Any CPU.Build.0 = Release|Any CPU
		{3F877356-160F-44A5-919C-3097EC298855}.Debug|Any CPU.ActiveCfg = Debug|Any CPU
		{3F877356-160F-44A5-919C-3097EC298855}.Debug|Any CPU.Build.0 = Debug|Any CPU
		{3F877356-160F-44A5-919C-3097EC298855}.Release|Any CPU.ActiveCfg = Release|Any CPU
		{3F877356-160F-44A5-919C-3097EC298855}.Release|Any CPU.Build.0 = Release|Any CPU
		{328BCBBA-2DBB-4545-9FC0-1D35B7BED607}.Debug|Any CPU.ActiveCfg = Debug|Any CPU
		{328BCBBA-2DBB-4545-9FC0-1D35B7BED607}.Debug|Any CPU.Build.0 = Debug|Any CPU
		{328BCBBA-2DBB-4545-9FC0-1D35B7BED607}.Release|Any CPU.ActiveCfg = Release|Any CPU
		{328BCBBA-2DBB-4545-9FC0-1D35B7BED607}.Release|Any CPU.Build.0 = Release|Any CPU
		{A13E40E8-E61A-40D6-A70F-785DF5348A3B}.Debug|Any CPU.ActiveCfg = Debug|Any CPU
		{A13E40E8-E61A-40D6-A70F-785DF5348A3B}.Debug|Any CPU.Build.0 = Debug|Any CPU
		{A13E40E8-E61A-40D6-A70F-785DF5348A3B}.Release|Any CPU.ActiveCfg = Release|Any CPU
		{A13E40E8-E61A-40D6-A70F-785DF5348A3B}.Release|Any CPU.Build.0 = Release|Any CPU
		{39A7022E-7F21-4B52-9F80-9B4F6C373C66}.Debug|Any CPU.ActiveCfg = Debug|Any CPU
		{39A7022E-7F21-4B52-9F80-9B4F6C373C66}.Debug|Any CPU.Build.0 = Debug|Any CPU
		{39A7022E-7F21-4B52-9F80-9B4F6C373C66}.Release|Any CPU.ActiveCfg = Release|Any CPU
		{39A7022E-7F21-4B52-9F80-9B4F6C373C66}.Release|Any CPU.Build.0 = Release|Any CPU
		{C72888B2-C8DB-4D05-81FB-A96269A17C44}.Debug|Any CPU.ActiveCfg = Debug|Any CPU
		{C72888B2-C8DB-4D05-81FB-A96269A17C44}.Debug|Any CPU.Build.0 = Debug|Any CPU
		{C72888B2-C8DB-4D05-81FB-A96269A17C44}.Release|Any CPU.ActiveCfg = Release|Any CPU
		{C72888B2-C8DB-4D05-81FB-A96269A17C44}.Release|Any CPU.Build.0 = Release|Any CPU
	EndGlobalSection
	GlobalSection(SolutionProperties) = preSolution
		HideSolutionNode = FALSE
	EndGlobalSection
	GlobalSection(ExtensibilityGlobals) = postSolution
		SolutionGuid = {81FF4F3F-9EB9-40B8-9547-209C95AD2F9A}
	EndGlobalSection
EndGlobal
